github.com/ebitengine/purego v0.8.3 h1:K+0AjQp63JEZTEMZiwsI9g0+hAMNohwUOtY0RPGexmc=
github.com/ebitengine/purego v0.8.3/go.mod h1:iIjxzd6CiRiOG0UyXP+V1+jWqUXVjPKLAI0mRfJZTmQ=
github.com/gen2brain/avif v0.4.4 h1:Ga/ss7qcWWQm2bxFpnjYjhJsNfZrWs5RsyklgFjKRSE=
github.com/gen2brain/avif v0.4.4/go.mod h1:/XCaJcjZraQwKVhpu9aEd9aLOssYOawLvhMBtmHVGqk=
github.com/gen2brain/webp v0.5.4 h1:edPfjyt9vU9A+VMQCg7uKz/A2Jjle+yP20ZPqZH3l6s=
github.com/gen2brain/webp v0.5.4/go.mod h1:kEFkGdK1wG9ePKj9ylcLUrMQfqevXGTpVq1S8lZL0j4=
github.com/lib/pq v1.12.3 h1:tTWxr2YLKwIvK90ZXEw8GP7UFHtcbTtty8zsI+YjrfQ=
github.com/lib/pq v1.12.3/go.mod h1:/p+8NSbOcwzAEI7wiMXFlgydTwcgTr3OSKMsD2BitpA=
github.com/tetratelabs/wazero v1.9.0 h1:IcZ56OuxrtaEz8UYNRHBrUa9bYeX9oVY93KspZZBf/I=
github.com/tetratelabs/wazero v1.9.0/go.mod h1:TSbcXCfFP0L2FGkRPxHphadXPjo1T6W+CseNNY7EkjM=
golang.org/x/image v0.30.0 h1:jD5RhkmVAnjqaCUXfbGBrn3lpxbknfN9w2UhHHU+5B4=
golang.org/x/image v0.30.0/go.mod h1:SAEUTxCCMWSrJcCy/4HwavEsfZZJlYxeHLc6tTiAe/c=
